
Microsoft Visual Studio Solution File, Format Version 12.00
# Visual Studio Version 16
VisualStudioVersion = 16.0.29215.179
MinimumVisualStudioVersion = 10.0.40219.1
Project("{FAE04EC0-301F-11D3-BF4B-00C04F79EFBC}") = "SolarPuttyDecrypt", "SolarPuttyDecrypt\SolarPuttyDecrypt.csproj", "{C5F3DD33-2A30-431C-B4C6-804561B80A1D}"
EndProject
Global
	GlobalSection(SolutionConfigurationPlatforms) = preSolution
		Debug|Any CPU = Debug|Any CPU
		Release|Any CPU = Release|Any CPU
	EndGlobalSection
	GlobalSection(ProjectConfigurationPlatforms) = postSolution
		{C5F3DD33-2A30-431C-B4C6-804561B80A1D}.Debug|Any CPU.ActiveCfg = Debug|Any CPU
		{C5F3DD33-2A30-431C-B4C6-804561B80A1D}.Debug|Any CPU.Build.0 = Debug|Any CPU
		{C5F3DD33-2A30-431C-B4C6-804561B80A1D}.Release|Any CPU.ActiveCfg = Release|Any CPU
		{C5F3DD33-2A30-431C-B4C6-804561B80A1D}.Release|Any CPU.Build.0 = Release|Any CPU
	EndGlobalSection
	GlobalSection(SolutionProperties) = preSolution
		HideSolutionNode = FALSE
	EndGlobalSection
	GlobalSection(ExtensibilityGlobals) = postSolution
		SolutionGuid = {CB7DAAA0-B0DE-449E-BCD3-F151461EB254}
	EndGlobalSection
EndGlobal
